
Microsoft Visual Studio Solution File, Format Version 12.00
# Visual Studio Version 17
VisualStudioVersion = 17.7.34024.191
MinimumVisualStudioVersion = 10.0.40219.1
Project("{9A19103F-16F7-4668-BE54-9A1E7A4F7556}") = "BookLibraryAPI", "BookLibraryAPI\BookLibraryAPI.csproj", "{4646E178-815C-47FC-A666-3D6346A0E142}"
EndProject
Project("{FAE04EC0-301F-11D3-BF4B-00C04F79EFBC}") = "BusinessLayer", "BusinessLayer\BusinessLayer.csproj", "{7810C0A7-EC27-43E5-9864-B859B3DCAEDC}"
EndProject
Project("{FAE04EC0-301F-11D3-BF4B-00C04F79EFBC}") = "DataLayer", "DataLayer\DataLayer.csproj", "{B1B71627-8B99-4785-B9CB-9450D45DDDEA}"
EndProject
Global
	GlobalSection(SolutionConfigurationPlatforms) = preSolution
		Debug|Any CPU = Debug|Any CPU
		Release|Any CPU = Release|Any CPU
	EndGlobalSection
	GlobalSection(ProjectConfigurationPlatforms) = postSolution
		{4646E178-815C-47FC-A666-3D6346A0E142}.Debug|Any CPU.ActiveCfg = Debug|Any CPU
		{4646E178-815C-47FC-A666-3D6346A0E142}.Debug|Any CPU.Build.0 = Debug|Any CPU
		{4646E178-815C-47FC-A666-3D6346A0E142}.Release|Any CPU.ActiveCfg = Release|Any CPU
		{4646E178-815C-47FC-A666-3D6346A0E142}.Release|Any CPU.Build.0 = Release|Any CPU
		{7810C0A7-EC27-43E5-9864-B859B3DCAEDC}.Debug|Any CPU.ActiveCfg = Debug|Any CPU
		{7810C0A7-EC27-43E5-9864-B859B3DCAEDC}.Debug|Any CPU.Build.0 = Debug|Any CPU
		{7810C0A7-EC27-43E5-9864-B859B3DCAEDC}.Release|Any CPU.ActiveCfg = Release|Any CPU
		{7810C0A7-EC27-43E5-9864-B859B3DCAEDC}.Release|Any CPU.Build.0 = Release|Any CPU
		{B1B71627-8B99-4785-B9CB-9450D45DDDEA}.Debug|Any CPU.ActiveCfg = Debug|Any CPU
		{B1B71627-8B99-4785-B9CB-9450D45DDDEA}.Debug|Any CPU.Build.0 = Debug|Any CPU
		{B1B71627-8B99-4785-B9CB-9450D45DDDEA}.Release|Any CPU.ActiveCfg = Release|Any CPU
		{B1B71627-8B99-4785-B9CB-9450D45DDDEA}.Release|Any CPU.Build.0 = Release|Any CPU
	EndGlobalSection
	GlobalSection(SolutionProperties) = preSolution
		HideSolutionNode = FALSE
	EndGlobalSection
	GlobalSection(ExtensibilityGlobals) = postSolution
		SolutionGuid = {B53AD3D7-3CAC-4E28-87E6-4E7D88D978BA}
	EndGlobalSection
EndGlobal
